{
  "name": "linkedinendorsement",
  "version": "1.0.0",
  "lockfileVersion": 1,
  "requires": true,
  "dependencies": {
    "@types/node": {
      "version": "12.7.8",
      "resolved": "https://registry.npmjs.org/@types/node/-/node-12.7.8.tgz",
      "integrity": "sha512-FMdVn84tJJdV+xe+53sYiZS4R5yn1mAIxfj+DVoNiQjTYz1+OYmjwEZr1ev9nU0axXwda0QDbYl06QHanRVH3A==",
      "dev": true
    },
    "@types/nodemailer": {
      "version": "6.2.1",
      "resolved": "https://registry.npmjs.org/@types/nodemailer/-/nodemailer-6.2.1.tgz",
      "integrity": "sha512-6f46rxxaFwyOW39psPoQiM7jHjL7apDRNT5WPHIuv+TZFv+7sBGSI9J7blIC3/NWff4O9/VSzgoQtO6aPLUdvQ==",
      "dev": true,
      "requires": {
        "@types/node": "*"
      }
    },
    "@types/papaparse": {
      "version": "5.0.1",
      "resolved": "https://registry.npmjs.org/@types/papaparse/-/papaparse-5.0.1.tgz",
      "integrity": "sha512-neEiIoeNezVK5yAWuO0El6056BBt+SPy0BtDmggcy1fSdfxLltE4WXaSsnPI2V4SxoRGIEAtkZyeDRxHXhcAKQ==",
      "dev": true,
      "requires": {
        "@types/node": "*"
      }
    },
    "nodemailer": {
      "version": "6.3.0",
      "resolved": "https://registry.npmjs.org/nodemailer/-/nodemailer-6.3.0.tgz",
      "integrity": "sha512-TEHBNBPHv7Ie/0o3HXnb7xrPSSQmH1dXwQKRaMKDBGt/ZN54lvDVujP6hKkO/vjkIYL9rK8kHSG11+G42Nhxuw=="
    },
    "papaparse": {
      "version": "5.2.0",
      "resolved": "https://registry.npmjs.org/papaparse/-/papaparse-5.2.0.tgz",
      "integrity": "sha512-ylq1wgUSnagU+MKQtNeVqrPhZuMYBvOSL00DHycFTCxownF95gpLAk1HiHdUW77N8yxRq1qHXLdlIPyBSG9NSA=="
    },
    "typescript": {
      "version": "3.6.3",
      "resolved": "https://registry.npmjs.org/typescript/-/typescript-3.6.3.tgz",
      "integrity": "sha512-N7bceJL1CtRQ2RiG0AQME13ksR7DiuQh/QehubYcghzv20tnh+MQnQIuJddTmsbqYj+dztchykemz0zFzlvdQw==",
      "dev": true
    }
  }
}
